github.com/jonboulle/clockwork v0.2.2 h1:UOGuzwb1PwsrDAObMuhUnj0p5ULPj8V/xJ7Kx9qUBdQ=
github.com/jonboulle/clockwork v0.2.2/go.mod h1:Pkfl5aHPm1nk2H9h0bjmnJD/BcgbGXUBGnn1kMkgxc8=
github.com/sigurn/crc8 v0.0.0-20160107002456-e55481d6f45c h1:hk0Jigjfq59yDMgd6bzi22Das5tyxU0CtOkh7a9io84=
github.com/sigurn/crc8 v0.0.0-20160107002456-e55481d6f45c/go.mod h1:cyrWuItcOVIGX6fBZ/G00z4ykprWM7hH58fSavNkjRg=
github.com/sigurn/utils v0.0.0-20190728110027-e1fefb11a144 h1:ccb8W1+mYuZvlpn/mJUMAbsFHTMCpcJBS78AsBQxNcY=
github.com/sigurn/utils v0.0.0-20190728110027-e1fefb11a144/go.mod h1:VRI4lXkrUH5Cygl6mbG1BRUfMMoT2o8BkrtBDUAm+GU=
periph.io/x/conn/v3 v3.6.9 h1:cSAvXC6IRRYC9pTW/Fzhp0a7zq+aeAxV8+/JZ+oxwZI=
periph.io/x/conn/v3 v3.6.9/go.mod h1:UqWNaPMosWmNCwtufoTSTTYhB2wXWsMRAJyo1PlxO4Q=
periph.io/x/d2xx v0.0.4/go.mod h1:38Euaaj+s6l0faIRHh32a+PrjXvxFTFkPBEQI0TKg34=
periph.io/x/host/v3 v3.7.1 h1:SAe/7IWSOoFsqh2/74+SxbqehzOPny+jAPs25fd/NUI=
periph.io/x/host/v3 v3.7.1/go.mod h1:kqMB+cJHtIPQCCMqDoiIMwr0pu1p+qQObkrPha3mX6E=
